
Microsoft Visual Studio Solution File, Format Version 12.00
# Visual Studio Version 17
VisualStudioVersion = 17.10.35027.167
MinimumVisualStudioVersion = 10.0.40219.1
Project("{E24C65DC-7377-472B-9ABA-BC803B73C61A}") = "QSMS", ".", "{A0CC94BD-3698-4FD8-ACD0-61ECF8338092}"
	ProjectSection(WebsiteProperties) = preProject
		TargetFrameworkMoniker = ".NETFramework,Version%3Dv4.8"
		Debug.AspNetCompiler.VirtualPath = "/localhost_9441"
		Debug.AspNetCompiler.PhysicalPath = "..\New_QSMS\"
		Debug.AspNetCompiler.TargetPath = "PrecompiledWeb\localhost_9441\"
		Debug.AspNetCompiler.Updateable = "true"
		Debug.AspNetCompiler.ForceOverwrite = "true"
		Debug.AspNetCompiler.FixedNames = "false"
		Debug.AspNetCompiler.Debug = "True"
		Release.AspNetCompiler.VirtualPath = "/localhost_9441"
		Release.AspNetCompiler.PhysicalPath = "..\New_QSMS\"
		Release.AspNetCompiler.TargetPath = "PrecompiledWeb\localhost_9441\"
		Release.AspNetCompiler.Updateable = "true"
		Release.AspNetCompiler.ForceOverwrite = "true"
		Release.AspNetCompiler.FixedNames = "false"
		Release.AspNetCompiler.Debug = "False"
		VWDPort = "9441"
		SlnRelativePath = "..\New_QSMS\"
	EndProjectSection
EndProject
Global
	GlobalSection(SolutionConfigurationPlatforms) = preSolution
		Debug|Any CPU = Debug|Any CPU
		Release|Any CPU = Release|Any CPU
	EndGlobalSection
	GlobalSection(ProjectConfigurationPlatforms) = postSolution
		{A0CC94BD-3698-4FD8-ACD0-61ECF8338092}.Debug|Any CPU.ActiveCfg = Debug|Any CPU
		{A0CC94BD-3698-4FD8-ACD0-61ECF8338092}.Debug|Any CPU.Build.0 = Debug|Any CPU
		{A0CC94BD-3698-4FD8-ACD0-61ECF8338092}.Release|Any CPU.ActiveCfg = Debug|Any CPU
		{A0CC94BD-3698-4FD8-ACD0-61ECF8338092}.Release|Any CPU.Build.0 = Debug|Any CPU
	EndGlobalSection
	GlobalSection(SolutionProperties) = preSolution
		HideSolutionNode = FALSE
	EndGlobalSection
	GlobalSection(ExtensibilityGlobals) = postSolution
		SolutionGuid = {51B395FD-F850-422E-BDA0-AC697FD88C31}
	EndGlobalSection
EndGlobal
